
Microsoft Visual Studio Solution File, Format Version 12.00
# Visual Studio Version 17
VisualStudioVersion = 17.14.36301.6 d17.14
MinimumVisualStudioVersion = 10.0.40219.1
Project("{FAE04EC0-301F-11D3-BF4B-00C04F79EFBC}") = "branch test", "branch test\branch test.csproj", "{A754E242-14CE-4535-8C53-5063943042B6}"
EndProject
Global
	GlobalSection(SolutionConfigurationPlatforms) = preSolution
		Debug|Any CPU = Debug|Any CPU
		Release|Any CPU = Release|Any CPU
	EndGlobalSection
	GlobalSection(ProjectConfigurationPlatforms) = postSolution
		{A754E242-14CE-4535-8C53-5063943042B6}.Debug|Any CPU.ActiveCfg = Debug|Any CPU
		{A754E242-14CE-4535-8C53-5063943042B6}.Debug|Any CPU.Build.0 = Debug|Any CPU
		{A754E242-14CE-4535-8C53-5063943042B6}.Release|Any CPU.ActiveCfg = Release|Any CPU
		{A754E242-14CE-4535-8C53-5063943042B6}.Release|Any CPU.Build.0 = Release|Any CPU
	EndGlobalSection
	GlobalSection(SolutionProperties) = preSolution
		HideSolutionNode = FALSE
	EndGlobalSection
	GlobalSection(ExtensibilityGlobals) = postSolution
		SolutionGuid = {C0C004C6-8567-46AD-9669-757E97984021}
	EndGlobalSection
EndGlobal
